// !$*UTF8*$!
{
	archiveVersion = 1;
	classes = {
	};
	objectVersion = 56;
	objects = {

/* Begin PBXBuildFile section */
		419A90B62988C5E800FE98A6 /* NavigationDrawerApp.swift in Sources */ = {isa = PBXBuildFile; fileRef = 419A90B52988C5E800FE98A6 /* NavigationDrawerApp.swift */; };
		419A90B82988C5E800FE98A6 /* ContentView.swift in Sources */ = {isa = PBXBuildFile; fileRef = 419A90B72988C5E800FE98A6 /* ContentView.swift */; };
		419A90BA2988C5EB00FE98A6 /* Assets.xcassets in Resources */ = {isa = PBXBuildFile; fileRef = 419A90B92988C5EB00FE98A6 /* Assets.xcassets */; };
		419A90BD2988C5EB00FE98A6 /* Preview Assets.xcassets in Resources */ = {isa = PBXBuildFile; fileRef = 419A90BC2988C5EB00FE98A6 /* Preview Assets.xcassets */; };
		419A90C62988C63A00FE98A6 /* Home.swift in Sources */ = {isa = PBXBuildFile; fileRef = 419A90C52988C63A00FE98A6 /* Home.swift */; };
		419A90C82988C68200FE98A6 /* Drawer.swift in Sources */ = {isa = PBXBuildFile; fileRef = 419A90C72988C68200FE98A6 /* Drawer.swift */; };
		419A90CA2988CD9400FE98A6 /* MenuButton.swift in Sources */ = {isa = PBXBuildFile; fileRef = 419A90C92988CD9400FE98A6 /* MenuButton.swift */; };
		419A90CC2988CE8800FE98A6 /* menuModel.swift in Sources */ = {isa = PBXBuildFile; fileRef = 419A90CB2988CE8800FE98A6 /* menuModel.swift */; };
		41FFFF232988F73A001E182F /* Catelog.swift in Sources */ = {isa = PBXBuildFile; fileRef = 41FFFF222988F73A001E182F /* Catelog.swift */; };
		41FFFF252988F751001E182F /* Favourite.swift in Sources */ = {isa = PBXBuildFile; fileRef = 41FFFF242988F751001E182F /* Favourite.swift */; };
		41FFFF272988F75D001E182F /* Cart.swift in Sources */ = {isa = PBXBuildFile; fileRef = 41FFFF262988F75D001E182F /* Cart.swift */; };
		41FFFF292988F770001E182F /* Order.swift in Sources */ = {isa = PBXBuildFile; fileRef = 41FFFF282988F770001E182F /* Order.swift */; };
/* End PBXBuildFile section */

/* Begin PBXFileReference section */
		419A90B22988C5E800FE98A6 /* NavigationDrawer.app */ = {isa = PBXFileReference; explicitFileType = wrapper.application; includeInIndex = 0; path = NavigationDrawer.app; sourceTree = BUILT_PRODUCTS_DIR; };
		419A90B52988C5E800FE98A6 /* NavigationDrawerApp.swift */ = {isa = PBXFileReference; lastKnownFileType = sourcecode.swift; path = NavigationDrawerApp.swift; sourceTree = "<group>"; };
		419A90B72988C5E800FE98A6 /* ContentView.swift */ = {isa = PBXFileReference; lastKnownFileType = sourcecode.swift; path = ContentView.swift; sourceTree = "<group>"; };
		419A90B92988C5EB00FE98A6 /* Assets.xcassets */ = {isa = PBXFileReference; lastKnownFileType = folder.assetcatalog; path = Assets.xcassets; sourceTree = "<group>"; };
		419A90BC2988C5EB00FE98A6 /* Preview Assets.xcassets */ = {isa = PBXFileReference; lastKnownFileType = folder.assetcatalog; path = "Preview Assets.xcassets"; sourceTree = "<group>"; };
		419A90C52988C63A00FE98A6 /* Home.swift */ = {isa = PBXFileReference; lastKnownFileType = sourcecode.swift; path = Home.swift; sourceTree = "<group>"; };
		419A90C72988C68200FE98A6 /* Drawer.swift */ = {isa = PBXFileReference; lastKnownFileType = sourcecode.swift; path = Drawer.swift; sourceTree = "<group>"; };
		419A90C92988CD9400FE98A6 /* MenuButton.swift */ = {isa = PBXFileReference; lastKnownFileType = sourcecode.swift; path = MenuButton.swift; sourceTree = "<group>"; };
		419A90CB2988CE8800FE98A6 /* menuModel.swift */ = {isa = PBXFileReference; lastKnownFileType = sourcecode.swift; path = menuModel.swift; sourceTree = "<group>"; };
		41FFFF222988F73A001E182F /* Catelog.swift */ = {isa = PBXFileReference; lastKnownFileType = sourcecode.swift; path = Catelog.swift; sourceTree = "<group>"; };
		41FFFF242988F751001E182F /* Favourite.swift */ = {isa = PBXFileReference; lastKnownFileType = sourcecode.swift; path = Favourite.swift; sourceTree = "<group>"; };
		41FFFF262988F75D001E182F /* Cart.swift */ = {isa = PBXFileReference; lastKnownFileType = sourcecode.swift; path = Cart.swift; sourceTree = "<group>"; };
		41FFFF282988F770001E182F /* Order.swift */ = {isa = PBXFileReference; lastKnownFileType = sourcecode.swift; path = Order.swift; sourceTree = "<group>"; };
/* End PBXFileReference section */

/* Begin PBXFrameworksBuildPhase section */
		419A90AF2988C5E800FE98A6 /* Frameworks */ = {
			isa = PBXFrameworksBuildPhase;
			buildActionMask = 2147483647;
			files = (
			);
			runOnlyForDeploymentPostprocessing = 0;
		};
/* End PBXFrameworksBuildPhase section */

/* Begin PBXGroup section */
		419A90A92988C5E800FE98A6 = {
			isa = PBXGroup;
			children = (
				419A90B42988C5E800FE98A6 /* NavigationDrawer */,
				419A90B32988C5E800FE98A6 /* Products */,
			);
			sourceTree = "<group>";
		};
		419A90B32988C5E800FE98A6 /* Products */ = {
			isa = PBXGroup;
			children = (
				419A90B22988C5E800FE98A6 /* NavigationDrawer.app */,
			);
			name = Products;
			sourceTree = "<group>";
		};
		419A90B42988C5E800FE98A6 /* NavigationDrawer */ = {
			isa = PBXGroup;
			children = (
				419A90C42988C60E00FE98A6 /* ViewModel */,
				419A90C32988C60500FE98A6 /* View */,
				419A90B52988C5E800FE98A6 /* NavigationDrawerApp.swift */,
				419A90B92988C5EB00FE98A6 /* Assets.xcassets */,
				419A90BB2988C5EB00FE98A6 /* Preview Content */,
			);
			path = NavigationDrawer;
			sourceTree = "<group>";
		};
		419A90BB2988C5EB00FE98A6 /* Preview Content */ = {
			isa = PBXGroup;
			children = (
				419A90BC2988C5EB00FE98A6 /* Preview Assets.xcassets */,
			);
			path = "Preview Content";
			sourceTree = "<group>";
		};
		419A90C32988C60500FE98A6 /* View */ = {
			isa = PBXGroup;
			children = (
				41FFFF212988F6FA001E182F /* SubView */,
				419A90C52988C63A00FE98A6 /* Home.swift */,
				419A90C72988C68200FE98A6 /* Drawer.swift */,
				419A90C92988CD9400FE98A6 /* MenuButton.swift */,
				419A90B72988C5E800FE98A6 /* ContentView.swift */,
			);
			path = View;
			sourceTree = "<group>";
		};
		419A90C42988C60E00FE98A6 /* ViewModel */ = {
			isa = PBXGroup;
			children = (
				419A90CB2988CE8800FE98A6 /* menuModel.swift */,
			);
			path = ViewModel;
			sourceTree = "<group>";
		};
		41FFFF212988F6FA001E182F /* SubView */ = {
			isa = PBXGroup;
			children = (
				41FFFF222988F73A001E182F /* Catelog.swift */,
				41FFFF242988F751001E182F /* Favourite.swift */,
				41FFFF262988F75D001E182F /* Cart.swift */,
				41FFFF282988F770001E182F /* Order.swift */,
			);
			path = SubView;
			sourceTree = "<group>";
		};
/* End PBXGroup section */

/* Begin PBXNativeTarget section */
		419A90B12988C5E800FE98A6 /* NavigationDrawer */ = {
			isa = PBXNativeTarget;
			buildConfigurationList = 419A90C02988C5EB00FE98A6 /* Build configuration list for PBXNativeTarget "NavigationDrawer" */;
			buildPhases = (
				419A90AE2988C5E800FE98A6 /* Sources */,
				419A90AF2988C5E800FE98A6 /* Frameworks */,
				419A90B02988C5E800FE98A6 /* Resources */,
			);
			buildRules = (
			);
			dependencies = (
			);
			name = NavigationDrawer;
			productName = NavigationDrawer;
			productReference = 419A90B22988C5E800FE98A6 /* NavigationDrawer.app */;
			productType = "com.apple.product-type.application";
		};
/* End PBXNativeTarget section */

/* Begin PBXProject section */
		419A90AA2988C5E800FE98A6 /* Project object */ = {
			isa = PBXProject;
			attributes = {
				BuildIndependentTargetsInParallel = 1;
				LastSwiftUpdateCheck = 1420;
				LastUpgradeCheck = 1420;
				TargetAttributes = {
					419A90B12988C5E800FE98A6 = {
						CreatedOnToolsVersion = 14.2;
					};
				};
			};
			buildConfigurationList = 419A90AD2988C5E800FE98A6 /* Build configuration list for PBXProject "NavigationDrawer" */;
			compatibilityVersion = "Xcode 14.0";
			developmentRegion = en;
			hasScannedForEncodings = 0;
			knownRegions = (
				en,
				Base,
			);
			mainGroup = 419A90A92988C5E800FE98A6;
			productRefGroup = 419A90B32988C5E800FE98A6 /* Products */;
			projectDirPath = "";
			projectRoot = "";
			targets = (
				419A90B12988C5E800FE98A6 /* NavigationDrawer */,
			);
		};
/* End PBXProject section */

/* Begin PBXResourcesBuildPhase section */
		419A90B02988C5E800FE98A6 /* Resources */ = {
			isa = PBXResourcesBuildPhase;
			buildActionMask = 2147483647;
			files = (
				419A90BD2988C5EB00FE98A6 /* Preview Assets.xcassets in Resources */,
				419A90BA2988C5EB00FE98A6 /* Assets.xcassets in Resources */,
			);
			runOnlyForDeploymentPostprocessing = 0;
		};
/* End PBXResourcesBuildPhase section */

/* Begin PBXSourcesBuildPhase section */
		419A90AE2988C5E800FE98A6 /* Sources */ = {
			isa = PBXSourcesBuildPhase;
			buildActionMask = 2147483647;
			files = (
				419A90C82988C68200FE98A6 /* Drawer.swift in Sources */,
				41FFFF272988F75D001E182F /* Cart.swift in Sources */,
				41FFFF292988F770001E182F /* Order.swift in Sources */,
				419A90B82988C5E800FE98A6 /* ContentView.swift in Sources */,
				419A90CC2988CE8800FE98A6 /* menuModel.swift in Sources */,
				419A90CA2988CD9400FE98A6 /* MenuButton.swift in Sources */,
				41FFFF232988F73A001E182F /* Catelog.swift in Sources */,
				419A90C62988C63A00FE98A6 /* Home.swift in Sources */,
				419A90B62988C5E800FE98A6 /* NavigationDrawerApp.swift in Sources */,
				41FFFF252988F751001E182F /* Favourite.swift in Sources */,
			);
			runOnlyForDeploymentPostprocessing = 0;
		};
/* End PBXSourcesBuildPhase section */

/* Begin XCBuildConfiguration section */
		419A90BE2988C5EB00FE98A6 /* Debug */ = {
			isa = XCBuildConfiguration;
			buildSettings = {
				ALWAYS_SEARCH_USER_PATHS = NO;
				CLANG_ANALYZER_NONNULL = YES;
				CLANG_ANALYZER_NUMBER_OBJECT_CONVERSION = YES_AGGRESSIVE;
				CLANG_CXX_LANGUAGE_STANDARD = "gnu++20";
				CLANG_ENABLE_MODULES = YES;
				CLANG_ENABLE_OBJC_ARC = YES;
				CLANG_ENABLE_OBJC_WEAK = YES;
				CLANG_WARN_BLOCK_CAPTURE_AUTORELEASING = YES;
				CLANG_WARN_BOOL_CONVERSION = YES;
				CLANG_WARN_COMMA = YES;
				CLANG_WARN_CONSTANT_CONVERSION = YES;
				CLANG_WARN_DEPRECATED_OBJC_IMPLEMENTATIONS = YES;
				CLANG_WARN_DIRECT_OBJC_ISA_USAGE = YES_ERROR;
				CLANG_WARN_DOCUMENTATION_COMMENTS = YES;
				CLANG_WARN_EMPTY_BODY = YES;
				CLANG_WARN_ENUM_CONVERSION = YES;
				CLANG_WARN_INFINITE_RECURSION = YES;
				CLANG_WARN_INT_CONVERSION = YES;
				CLANG_WARN_NON_LITERAL_NULL_CONVERSION = YES;
				CLANG_WARN_OBJC_IMPLICIT_RETAIN_SELF = YES;
				CLANG_WARN_OBJC_LITERAL_CONVERSION = YES;
				CLANG_WARN_OBJC_ROOT_CLASS = YES_ERROR;
				CLANG_WARN_QUOTED_INCLUDE_IN_FRAMEWORK_HEADER = YES;
				CLANG_WARN_RANGE_LOOP_ANALYSIS = YES;
				CLANG_WARN_STRICT_PROTOTYPES = YES;
				CLANG_WARN_SUSPICIOUS_MOVE = YES;
				CLANG_WARN_UNGUARDED_AVAILABILITY = YES_AGGRESSIVE;
				CLANG_WARN_UNREACHABLE_CODE = YES;
				CLANG_WARN__DUPLICATE_METHOD_MATCH = YES;
				COPY_PHASE_STRIP = NO;
				DEBUG_INFORMATION_FORMAT = dwarf;
				ENABLE_STRICT_OBJC_MSGSEND = YES;
				ENABLE_TESTABILITY = YES;
				GCC_C_LANGUAGE_STANDARD = gnu11;
				GCC_DYNAMIC_NO_PIC = NO;
				GCC_NO_COMMON_BLOCKS = YES;
				GCC_OPTIMIZATION_LEVEL = 0;
				GCC_PREPROCESSOR_DEFINITIONS = (
					"DEBUG=1",
					"$(inherited)",
				);
				GCC_WARN_64_TO_32_BIT_CONVERSION = YES;
				GCC_WARN_ABOUT_RETURN_TYPE = YES_ERROR;
				GCC_WARN_UNDECLARED_SELECTOR = YES;
				GCC_WARN_UNINITIALIZED_AUTOS = YES_AGGRESSIVE;
				GCC_WARN_UNUSED_FUNCTION = YES;
				GCC_WARN_UNUSED_VARIABLE = YES;
				IPHONEOS_DEPLOYMENT_TARGET = 16.2;
				MTL_ENABLE_DEBUG_INFO = INCLUDE_SOURCE;
				MTL_FAST_MATH = YES;
				ONLY_ACTIVE_ARCH = YES;
				SDKROOT = iphoneos;
				SWIFT_ACTIVE_COMPILATION_CONDITIONS = DEBUG;
				SWIFT_OPTIMIZATION_LEVEL = "-Onone";
			};
			name = Debug;
		};
		419A90BF2988C5EB00FE98A6 /* Release */ = {
			isa = XCBuildConfiguration;
			buildSettings = {
				ALWAYS_SEARCH_USER_PATHS = NO;
				CLANG_ANALYZER_NONNULL = YES;
				CLANG_ANALYZER_NUMBER_OBJECT_CONVERSION = YES_AGGRESSIVE;
				CLANG_CXX_LANGUAGE_STANDARD = "gnu++20";
				CLANG_ENABLE_MODULES = YES;
				CLANG_ENABLE_OBJC_ARC = YES;
				CLANG_ENABLE_OBJC_WEAK = YES;
				CLANG_WARN_BLOCK_CAPTURE_AUTORELEASING = YES;
				CLANG_WARN_BOOL_CONVERSION = YES;
				CLANG_WARN_COMMA = YES;
				CLANG_WARN_CONSTANT_CONVERSION = YES;
				CLANG_WARN_DEPRECATED_OBJC_IMPLEMENTATIONS = YES;
				CLANG_WARN_DIRECT_OBJC_ISA_USAGE = YES_ERROR;
				CLANG_WARN_DOCUMENTATION_COMMENTS = YES;
				CLANG_WARN_EMPTY_BODY = YES;
				CLANG_WARN_ENUM_CONVERSION = YES;
				CLANG_WARN_INFINITE_RECURSION = YES;
				CLANG_WARN_INT_CONVERSION = YES;
				CLANG_WARN_NON_LITERAL_NULL_CONVERSION = YES;
				CLANG_WARN_OBJC_IMPLICIT_RETAIN_SELF = YES;
				CLANG_WARN_OBJC_LITERAL_CONVERSION = YES;
				CLANG_WARN_OBJC_ROOT_CLASS = YES_ERROR;
				CLANG_WARN_QUOTED_INCLUDE_IN_FRAMEWORK_HEADER = YES;
				CLANG_WARN_RANGE_LOOP_ANALYSIS = YES;
				CLANG_WARN_STRICT_PROTOTYPES = YES;
				CLANG_WARN_SUSPICIOUS_MOVE = YES;
				CLANG_WARN_UNGUARDED_AVAILABILITY = YES_AGGRESSIVE;
				CLANG_WARN_UNREACHABLE_CODE = YES;
				CLANG_WARN__DUPLICATE_METHOD_MATCH = YES;
				COPY_PHASE_STRIP = NO;
				DEBUG_INFORMATION_FORMAT = "dwarf-with-dsym";
				ENABLE_NS_ASSERTIONS = NO;
				ENABLE_STRICT_OBJC_MSGSEND = YES;
				GCC_C_LANGUAGE_STANDARD = gnu11;
				GCC_NO_COMMON_BLOCKS = YES;
				GCC_WARN_64_TO_32_BIT_CONVERSION = YES;
				GCC_WARN_ABOUT_RETURN_TYPE = YES_ERROR;
				GCC_WARN_UNDECLARED_SELECTOR = YES;
				GCC_WARN_UNINITIALIZED_AUTOS = YES_AGGRESSIVE;
				GCC_WARN_UNUSED_FUNCTION = YES;
				GCC_WARN_UNUSED_VARIABLE = YES;
				IPHONEOS_DEPLOYMENT_TARGET = 16.2;
				MTL_ENABLE_DEBUG_INFO = NO;
				MTL_FAST_MATH = YES;
				SDKROOT = iphoneos;
				SWIFT_COMPILATION_MODE = wholemodule;
				SWIFT_OPTIMIZATION_LEVEL = "-O";
				VALIDATE_PRODUCT = YES;
			};
			name = Release;
		};
		419A90C12988C5EB00FE98A6 /* Debug */ = {
			isa = XCBuildConfiguration;
			buildSettings = {
				ASSETCATALOG_COMPILER_APPICON_NAME = AppIcon;
				ASSETCATALOG_COMPILER_GLOBAL_ACCENT_COLOR_NAME = AccentColor;
				CODE_SIGN_STYLE = Automatic;
				CURRENT_PROJECT_VERSION = 1;
				DEVELOPMENT_ASSET_PATHS = "\"NavigationDrawer/Preview Content\"";
				DEVELOPMENT_TEAM = 8YWCTK854Y;
				ENABLE_PREVIEWS = YES;
				GENERATE_INFOPLIST_FILE = YES;
				INFOPLIST_KEY_UIApplicationSceneManifest_Generation = YES;
				INFOPLIST_KEY_UIApplicationSupportsIndirectInputEvents = YES;
				INFOPLIST_KEY_UILaunchScreen_Generation = YES;
				INFOPLIST_KEY_UISupportedInterfaceOrientations_iPad = "UIInterfaceOrientationPortrait UIInterfaceOrientationPortraitUpsideDown UIInterfaceOrientationLandscapeLeft UIInterfaceOrientationLandscapeRight";
				INFOPLIST_KEY_UISupportedInterfaceOrientations_iPhone = "UIInterfaceOrientationPortrait UIInterfaceOrientationLandscapeLeft UIInterfaceOrientationLandscapeRight";
				LD_RUNPATH_SEARCH_PATHS = (
					"$(inherited)",
					"@executable_path/Frameworks",
				);
				MARKETING_VERSION = 1.0;
				PRODUCT_BUNDLE_IDENTIFIER = com.dymesoft.DemoApp.NavigationDrawer;
				PRODUCT_NAME = "$(TARGET_NAME)";
				SWIFT_EMIT_LOC_STRINGS = YES;
				SWIFT_VERSION = 5.0;
				TARGETED_DEVICE_FAMILY = "1,2";
			};
			name = Debug;
		};
		419A90C22988C5EB00FE98A6 /* Release */ = {
			isa = XCBuildConfiguration;
			buildSettings = {
				ASSETCATALOG_COMPILER_APPICON_NAME = AppIcon;
				ASSETCATALOG_COMPILER_GLOBAL_ACCENT_COLOR_NAME = AccentColor;
				CODE_SIGN_STYLE = Automatic;
				CURRENT_PROJECT_VERSION = 1;
				DEVELOPMENT_ASSET_PATHS = "\"NavigationDrawer/Preview Content\"";
				DEVELOPMENT_TEAM = 8YWCTK854Y;
				ENABLE_PREVIEWS = YES;
				GENERATE_INFOPLIST_FILE = YES;
				INFOPLIST_KEY_UIApplicationSceneManifest_Generation = YES;
				INFOPLIST_KEY_UIApplicationSupportsIndirectInputEvents = YES;
				INFOPLIST_KEY_UILaunchScreen_Generation = YES;
				INFOPLIST_KEY_UISupportedInterfaceOrientations_iPad = "UIInterfaceOrientationPortrait UIInterfaceOrientationPortraitUpsideDown UIInterfaceOrientationLandscapeLeft UIInterfaceOrientationLandscapeRight";
				INFOPLIST_KEY_UISupportedInterfaceOrientations_iPhone = "UIInterfaceOrientationPortrait UIInterfaceOrientationLandscapeLeft UIInterfaceOrientationLandscapeRight";
				LD_RUNPATH_SEARCH_PATHS = (
					"$(inherited)",
					"@executable_path/Frameworks",
				);
				MARKETING_VERSION = 1.0;
				PRODUCT_BUNDLE_IDENTIFIER = com.dymesoft.DemoApp.NavigationDrawer;
				PRODUCT_NAME = "$(TARGET_NAME)";
				SWIFT_EMIT_LOC_STRINGS = YES;
				SWIFT_VERSION = 5.0;
				TARGETED_DEVICE_FAMILY = "1,2";
			};
			name = Release;
		};
/* End XCBuildConfiguration section */

/* Begin XCConfigurationList section */
		419A90AD2988C5E800FE98A6 /* Build configuration list for PBXProject "NavigationDrawer" */ = {
			isa = XCConfigurationList;
			buildConfigurations = (
				419A90BE2988C5EB00FE98A6 /* Debug */,
				419A90BF2988C5EB00FE98A6 /* Release */,
			);
			defaultConfigurationIsVisible = 0;
			defaultConfigurationName = Release;
		};
		419A90C02988C5EB00FE98A6 /* Build configuration list for PBXNativeTarget "NavigationDrawer" */ = {
			isa = XCConfigurationList;
			buildConfigurations = (
				419A90C12988C5EB00FE98A6 /* Debug */,
				419A90C22988C5EB00FE98A6 /* Release */,
			);
			defaultConfigurationIsVisible = 0;
			defaultConfigurationName = Release;
		};
/* End XCConfigurationList section */
	};
	rootObject = 419A90AA2988C5E800FE98A6 /* Project object */;
}
